// !$*UTF8*$!
{
	archiveVersion = 1;
	classes = {
	};
	objectVersion = 77;
	objects = {

/* Begin PBXBuildFile section */
		WIDGET00212F22E34F001582DE /* SonideaRecordingWidgetExtension.appex in Embed Foundation Extensions */ = {isa = PBXBuildFile; fileRef = WIDGET00012F22E34F001582DE /* SonideaRecordingWidgetExtension.appex */; settings = {ATTRIBUTES = (RemoveHeadersOnCopy, ); }; };
/* End PBXBuildFile section */

/* Begin PBXContainerItemProxy section */
		4C707E302F22E34F001582DE /* PBXContainerItemProxy */ = {
			isa = PBXContainerItemProxy;
			containerPortal = 4C707E1A2F22E34F001582DE /* Project object */;
			proxyType = 1;
			remoteGlobalIDString = 4C707E212F22E34F001582DE;
			remoteInfo = Sonidea;
		};
		4C707E3A2F22E34F001582DE /* PBXContainerItemProxy */ = {
			isa = PBXContainerItemProxy;
			containerPortal = 4C707E1A2F22E34F001582DE /* Project object */;
			proxyType = 1;
			remoteGlobalIDString = 4C707E212F22E34F001582DE;
			remoteInfo = Sonidea;
		};
		WIDGET00142F22E34F001582DE /* PBXContainerItemProxy */ = {
			isa = PBXContainerItemProxy;
			containerPortal = 4C707E1A2F22E34F001582DE /* Project object */;
			proxyType = 1;
			remoteGlobalIDString = WIDGET00002F22E34F001582DE;
			remoteInfo = SonideaRecordingWidgetExtension;
		};
/* End PBXContainerItemProxy section */

/* Begin PBXCopyFilesBuildPhase section */
		WIDGET00202F22E34F001582DE /* Embed Foundation Extensions */ = {
			isa = PBXCopyFilesBuildPhase;
			buildActionMask = 2147483647;
			dstPath = "";
			dstSubfolderSpec = 13;
			files = (
				WIDGET00212F22E34F001582DE /* SonideaRecordingWidgetExtension.appex in Embed Foundation Extensions */,
			);
			name = "Embed Foundation Extensions";
			runOnlyForDeploymentPostprocessing = 0;
		};
/* End PBXCopyFilesBuildPhase section */

/* Begin PBXFileReference section */
		4C707E222F22E34F001582DE /* Sonidea.app */ = {isa = PBXFileReference; explicitFileType = wrapper.application; includeInIndex = 0; path = Sonidea.app; sourceTree = BUILT_PRODUCTS_DIR; };
		4C707E2F2F22E34F001582DE /* SonideaTests.xctest */ = {isa = PBXFileReference; explicitFileType = wrapper.cfbundle; includeInIndex = 0; path = SonideaTests.xctest; sourceTree = BUILT_PRODUCTS_DIR; };
		4C707E392F22E34F001582DE /* SonideaUITests.xctest */ = {isa = PBXFileReference; explicitFileType = wrapper.cfbundle; includeInIndex = 0; path = SonideaUITests.xctest; sourceTree = BUILT_PRODUCTS_DIR; };
		WIDGET00012F22E34F001582DE /* SonideaRecordingWidgetExtension.appex */ = {isa = PBXFileReference; explicitFileType = "wrapper.app-extension"; includeInIndex = 0; path = SonideaRecordingWidgetExtension.appex; sourceTree = BUILT_PRODUCTS_DIR; };
/* End PBXFileReference section */

/* Begin PBXFileSystemSynchronizedBuildFileExceptionSet section */
		4C707E762F232720001582DE /* Exceptions for "Sonidea" folder in "Sonidea" target */ = {
			isa = PBXFileSystemSynchronizedBuildFileExceptionSet;
			membershipExceptions = (
				Info.plist,
			);
			target = 4C707E212F22E34F001582DE /* Sonidea */;
		};
		WIDGET00302F22E34F001582DE /* Exceptions for "SonideaRecordingWidget" folder in "SonideaRecordingWidgetExtension" target */ = {
			isa = PBXFileSystemSynchronizedBuildFileExceptionSet;
			membershipExceptions = (
				Info.plist,
			);
			target = WIDGET00002F22E34F001582DE /* SonideaRecordingWidgetExtension */;
		};
/* End PBXFileSystemSynchronizedBuildFileExceptionSet section */

/* Begin PBXFileSystemSynchronizedRootGroup section */
		4C707E242F22E34F001582DE /* Sonidea */ = {
			isa = PBXFileSystemSynchronizedRootGroup;
			exceptions = (
				4C707E762F232720001582DE /* Exceptions for "Sonidea" folder in "Sonidea" target */,
			);
			path = Sonidea;
			sourceTree = "<group>";
		};
		4C707E322F22E34F001582DE /* SonideaTests */ = {
			isa = PBXFileSystemSynchronizedRootGroup;
			path = SonideaTests;
			sourceTree = "<group>";
		};
		4C707E3C2F22E34F001582DE /* SonideaUITests */ = {
			isa = PBXFileSystemSynchronizedRootGroup;
			path = SonideaUITests;
			sourceTree = "<group>";
		};
		WIDGET00022F22E34F001582DE /* SonideaRecordingWidget */ = {
			isa = PBXFileSystemSynchronizedRootGroup;
			exceptions = (
				WIDGET00302F22E34F001582DE /* Exceptions for "SonideaRecordingWidget" folder in "SonideaRecordingWidgetExtension" target */,
			);
			path = SonideaRecordingWidget;
			sourceTree = "<group>";
		};
/* End PBXFileSystemSynchronizedRootGroup section */

/* Begin PBXFrameworksBuildPhase section */
		4C707E1F2F22E34F001582DE /* Frameworks */ = {
			isa = PBXFrameworksBuildPhase;
			buildActionMask = 2147483647;
			files = (
			);
			runOnlyForDeploymentPostprocessing = 0;
		};
		4C707E2C2F22E34F001582DE /* Frameworks */ = {
			isa = PBXFrameworksBuildPhase;
			buildActionMask = 2147483647;
			files = (
			);
			runOnlyForDeploymentPostprocessing = 0;
		};
		4C707E362F22E34F001582DE /* Frameworks */ = {
			isa = PBXFrameworksBuildPhase;
			buildActionMask = 2147483647;
			files = (
			);
			runOnlyForDeploymentPostprocessing = 0;
		};
		WIDGET00032F22E34F001582DE /* Frameworks */ = {
			isa = PBXFrameworksBuildPhase;
			buildActionMask = 2147483647;
			files = (
			);
			runOnlyForDeploymentPostprocessing = 0;
		};
/* End PBXFrameworksBuildPhase section */

/* Begin PBXGroup section */
		4C707E192F22E34F001582DE = {
			isa = PBXGroup;
			children = (
				4C707E242F22E34F001582DE /* Sonidea */,
				WIDGET00022F22E34F001582DE /* SonideaRecordingWidget */,
				4C707E322F22E34F001582DE /* SonideaTests */,
				4C707E3C2F22E34F001582DE /* SonideaUITests */,
				4C707E232F22E34F001582DE /* Products */,
			);
			sourceTree = "<group>";
		};
		4C707E232F22E34F001582DE /* Products */ = {
			isa = PBXGroup;
			children = (
				4C707E222F22E34F001582DE /* Sonidea.app */,
				4C707E2F2F22E34F001582DE /* SonideaTests.xctest */,
				4C707E392F22E34F001582DE /* SonideaUITests.xctest */,
				WIDGET00012F22E34F001582DE /* SonideaRecordingWidgetExtension.appex */,
			);
			name = Products;
			sourceTree = "<group>";
		};
/* End PBXGroup section */

/* Begin PBXNativeTarget section */
		4C707E212F22E34F001582DE /* Sonidea */ = {
			isa = PBXNativeTarget;
			buildConfigurationList = 4C707E432F22E34F001582DE /* Build configuration list for PBXNativeTarget "Sonidea" */;
			buildPhases = (
				4C707E1E2F22E34F001582DE /* Sources */,
				4C707E1F2F22E34F001582DE /* Frameworks */,
				4C707E202F22E34F001582DE /* Resources */,
				WIDGET00202F22E34F001582DE /* Embed Foundation Extensions */,
			);
			buildRules = (
			);
			dependencies = (
				WIDGET00132F22E34F001582DE /* PBXTargetDependency */,
			);
			fileSystemSynchronizedGroups = (
				4C707E242F22E34F001582DE /* Sonidea */,
			);
			name = Sonidea;
			packageProductDependencies = (
			);
			productName = Sonidea;
			productReference = 4C707E222F22E34F001582DE /* Sonidea.app */;
			productType = "com.apple.product-type.application";
		};
		4C707E2E2F22E34F001582DE /* SonideaTests */ = {
			isa = PBXNativeTarget;
			buildConfigurationList = 4C707E462F22E34F001582DE /* Build configuration list for PBXNativeTarget "SonideaTests" */;
			buildPhases = (
				4C707E2B2F22E34F001582DE /* Sources */,
				4C707E2C2F22E34F001582DE /* Frameworks */,
				4C707E2D2F22E34F001582DE /* Resources */,
			);
			buildRules = (
			);
			dependencies = (
				4C707E312F22E34F001582DE /* PBXTargetDependency */,
			);
			fileSystemSynchronizedGroups = (
				4C707E322F22E34F001582DE /* SonideaTests */,
			);
			name = SonideaTests;
			packageProductDependencies = (
			);
			productName = SonideaTests;
			productReference = 4C707E2F2F22E34F001582DE /* SonideaTests.xctest */;
			productType = "com.apple.product-type.bundle.unit-test";
		};
		4C707E382F22E34F001582DE /* SonideaUITests */ = {
			isa = PBXNativeTarget;
			buildConfigurationList = 4C707E492F22E34F001582DE /* Build configuration list for PBXNativeTarget "SonideaUITests" */;
			buildPhases = (
				4C707E352F22E34F001582DE /* Sources */,
				4C707E362F22E34F001582DE /* Frameworks */,
				4C707E372F22E34F001582DE /* Resources */,
			);
			buildRules = (
			);
			dependencies = (
				4C707E3B2F22E34F001582DE /* PBXTargetDependency */,
			);
			fileSystemSynchronizedGroups = (
				4C707E3C2F22E34F001582DE /* SonideaUITests */,
			);
			name = SonideaUITests;
			packageProductDependencies = (
			);
			productName = SonideaUITests;
			productReference = 4C707E392F22E34F001582DE /* SonideaUITests.xctest */;
			productType = "com.apple.product-type.bundle.ui-testing";
		};
		WIDGET00002F22E34F001582DE /* SonideaRecordingWidgetExtension */ = {
			isa = PBXNativeTarget;
			buildConfigurationList = WIDGET00102F22E34F001582DE /* Build configuration list for PBXNativeTarget "SonideaRecordingWidgetExtension" */;
			buildPhases = (
				WIDGET00042F22E34F001582DE /* Sources */,
				WIDGET00032F22E34F001582DE /* Frameworks */,
				WIDGET00052F22E34F001582DE /* Resources */,
			);
			buildRules = (
			);
			dependencies = (
			);
			fileSystemSynchronizedGroups = (
				WIDGET00022F22E34F001582DE /* SonideaRecordingWidget */,
			);
			name = SonideaRecordingWidgetExtension;
			packageProductDependencies = (
			);
			productName = SonideaRecordingWidgetExtension;
			productReference = WIDGET00012F22E34F001582DE /* SonideaRecordingWidgetExtension.appex */;
			productType = "com.apple.product-type.app-extension";
		};
/* End PBXNativeTarget section */

/* Begin PBXProject section */
		4C707E1A2F22E34F001582DE /* Project object */ = {
			isa = PBXProject;
			attributes = {
				BuildIndependentTargetsInParallel = 1;
				LastSwiftUpdateCheck = 2620;
				LastUpgradeCheck = 2620;
				TargetAttributes = {
					4C707E212F22E34F001582DE = {
						CreatedOnToolsVersion = 26.2;
					};
					4C707E2E2F22E34F001582DE = {
						CreatedOnToolsVersion = 26.2;
						TestTargetID = 4C707E212F22E34F001582DE;
					};
					4C707E382F22E34F001582DE = {
						CreatedOnToolsVersion = 26.2;
						TestTargetID = 4C707E212F22E34F001582DE;
					};
					WIDGET00002F22E34F001582DE = {
						CreatedOnToolsVersion = 26.2;
					};
				};
			};
			buildConfigurationList = 4C707E1D2F22E34F001582DE /* Build configuration list for PBXProject "Sonidea" */;
			developmentRegion = en;
			hasScannedForEncodings = 0;
			knownRegions = (
				en,
				Base,
			);
			mainGroup = 4C707E192F22E34F001582DE;
			minimizedProjectReferenceProxies = 1;
			preferredProjectObjectVersion = 77;
			productRefGroup = 4C707E232F22E34F001582DE /* Products */;
			projectDirPath = "";
			projectRoot = "";
			targets = (
				4C707E212F22E34F001582DE /* Sonidea */,
				WIDGET00002F22E34F001582DE /* SonideaRecordingWidgetExtension */,
				4C707E2E2F22E34F001582DE /* SonideaTests */,
				4C707E382F22E34F001582DE /* SonideaUITests */,
			);
		};
/* End PBXProject section */

/* Begin PBXResourcesBuildPhase section */
		4C707E202F22E34F001582DE /* Resources */ = {
			isa = PBXResourcesBuildPhase;
			buildActionMask = 2147483647;
			files = (
			);
			runOnlyForDeploymentPostprocessing = 0;
		};
		4C707E2D2F22E34F001582DE /* Resources */ = {
			isa = PBXResourcesBuildPhase;
			buildActionMask = 2147483647;
			files = (
			);
			runOnlyForDeploymentPostprocessing = 0;
		};
		4C707E372F22E34F001582DE /* Resources */ = {
			isa = PBXResourcesBuildPhase;
			buildActionMask = 2147483647;
			files = (
			);
			runOnlyForDeploymentPostprocessing = 0;
		};
		WIDGET00052F22E34F001582DE /* Resources */ = {
			isa = PBXResourcesBuildPhase;
			buildActionMask = 2147483647;
			files = (
			);
			runOnlyForDeploymentPostprocessing = 0;
		};
/* End PBXResourcesBuildPhase section */

/* Begin PBXSourcesBuildPhase section */
		4C707E1E2F22E34F001582DE /* Sources */ = {
			isa = PBXSourcesBuildPhase;
			buildActionMask = 2147483647;
			files = (
			);
			runOnlyForDeploymentPostprocessing = 0;
		};
		4C707E2B2F22E34F001582DE /* Sources */ = {
			isa = PBXSourcesBuildPhase;
			buildActionMask = 2147483647;
			files = (
			);
			runOnlyForDeploymentPostprocessing = 0;
		};
		4C707E352F22E34F001582DE /* Sources */ = {
			isa = PBXSourcesBuildPhase;
			buildActionMask = 2147483647;
			files = (
			);
			runOnlyForDeploymentPostprocessing = 0;
		};
		WIDGET00042F22E34F001582DE /* Sources */ = {
			isa = PBXSourcesBuildPhase;
			buildActionMask = 2147483647;
			files = (
			);
			runOnlyForDeploymentPostprocessing = 0;
		};
/* End PBXSourcesBuildPhase section */

/* Begin PBXTargetDependency section */
		4C707E312F22E34F001582DE /* PBXTargetDependency */ = {
			isa = PBXTargetDependency;
			target = 4C707E212F22E34F001582DE /* Sonidea */;
			targetProxy = 4C707E302F22E34F001582DE /* PBXContainerItemProxy */;
		};
		4C707E3B2F22E34F001582DE /* PBXTargetDependency */ = {
			isa = PBXTargetDependency;
			target = 4C707E212F22E34F001582DE /* Sonidea */;
			targetProxy = 4C707E3A2F22E34F001582DE /* PBXContainerItemProxy */;
		};
		WIDGET00132F22E34F001582DE /* PBXTargetDependency */ = {
			isa = PBXTargetDependency;
			target = WIDGET00002F22E34F001582DE /* SonideaRecordingWidgetExtension */;
			targetProxy = WIDGET00142F22E34F001582DE /* PBXContainerItemProxy */;
		};
/* End PBXTargetDependency section */

/* Begin XCBuildConfiguration section */
		4C707E412F22E34F001582DE /* Debug */ = {
			isa = XCBuildConfiguration;
			buildSettings = {
				ALWAYS_SEARCH_USER_PATHS = NO;
				ASSETCATALOG_COMPILER_GENERATE_SWIFT_ASSET_SYMBOL_EXTENSIONS = YES;
				CLANG_ANALYZER_NONNULL = YES;
				CLANG_ANALYZER_NUMBER_OBJECT_CONVERSION = YES_AGGRESSIVE;
				CLANG_CXX_LANGUAGE_STANDARD = "gnu++20";
				CLANG_ENABLE_MODULES = YES;
				CLANG_ENABLE_OBJC_ARC = YES;
				CLANG_ENABLE_OBJC_WEAK = YES;
				CLANG_WARN_BLOCK_CAPTURE_AUTORELEASING = YES;
				CLANG_WARN_BOOL_CONVERSION = YES;
				CLANG_WARN_COMMA = YES;
				CLANG_WARN_CONSTANT_CONVERSION = YES;
				CLANG_WARN_DEPRECATED_OBJC_IMPLEMENTATIONS = YES;
				CLANG_WARN_DIRECT_OBJC_ISA_USAGE = YES_ERROR;
				CLANG_WARN_DOCUMENTATION_COMMENTS = YES;
				CLANG_WARN_EMPTY_BODY = YES;
				CLANG_WARN_ENUM_CONVERSION = YES;
				CLANG_WARN_INFINITE_RECURSION = YES;
				CLANG_WARN_INT_CONVERSION = YES;
				CLANG_WARN_NON_LITERAL_NULL_CONVERSION = YES;
				CLANG_WARN_OBJC_IMPLICIT_RETAIN_SELF = YES;
				CLANG_WARN_OBJC_LITERAL_CONVERSION = YES;
				CLANG_WARN_OBJC_ROOT_CLASS = YES_ERROR;
				CLANG_WARN_QUOTED_INCLUDE_IN_FRAMEWORK_HEADER = YES;
				CLANG_WARN_RANGE_LOOP_ANALYSIS = YES;
				CLANG_WARN_STRICT_PROTOTYPES = YES;
				CLANG_WARN_SUSPICIOUS_MOVE = YES;
				CLANG_WARN_UNGUARDED_AVAILABILITY = YES_AGGRESSIVE;
				CLANG_WARN_UNREACHABLE_CODE = YES;
				CLANG_WARN__DUPLICATE_METHOD_MATCH = YES;
				COPY_PHASE_STRIP = NO;
				DEBUG_INFORMATION_FORMAT = dwarf;
				DEVELOPMENT_TEAM = 6BZDC8A25X;
				ENABLE_STRICT_OBJC_MSGSEND = YES;
				ENABLE_TESTABILITY = YES;
				ENABLE_USER_SCRIPT_SANDBOXING = YES;
				GCC_C_LANGUAGE_STANDARD = gnu17;
				GCC_DYNAMIC_NO_PIC = NO;
				GCC_NO_COMMON_BLOCKS = YES;
				GCC_OPTIMIZATION_LEVEL = 0;
				GCC_PREPROCESSOR_DEFINITIONS = (
					"DEBUG=1",
					"$(inherited)",
				);
				GCC_WARN_64_TO_32_BIT_CONVERSION = YES;
				GCC_WARN_ABOUT_RETURN_TYPE = YES_ERROR;
				GCC_WARN_UNDECLARED_SELECTOR = YES;
				GCC_WARN_UNINITIALIZED_AUTOS = YES_AGGRESSIVE;
				GCC_WARN_UNUSED_FUNCTION = YES;
				GCC_WARN_UNUSED_VARIABLE = YES;
				IPHONEOS_DEPLOYMENT_TARGET = 26.2;
				LOCALIZATION_PREFERS_STRING_CATALOGS = YES;
				MTL_ENABLE_DEBUG_INFO = INCLUDE_SOURCE;
				MTL_FAST_MATH = YES;
				ONLY_ACTIVE_ARCH = YES;
				SDKROOT = iphoneos;
				SWIFT_ACTIVE_COMPILATION_CONDITIONS = "DEBUG $(inherited)";
				SWIFT_OPTIMIZATION_LEVEL = "-Onone";
			};
			name = Debug;
		};
		4C707E422F22E34F001582DE /* Release */ = {
			isa = XCBuildConfiguration;
			buildSettings = {
				ALWAYS_SEARCH_USER_PATHS = NO;
				ASSETCATALOG_COMPILER_GENERATE_SWIFT_ASSET_SYMBOL_EXTENSIONS = YES;
				CLANG_ANALYZER_NONNULL = YES;
				CLANG_ANALYZER_NUMBER_OBJECT_CONVERSION = YES_AGGRESSIVE;
				CLANG_CXX_LANGUAGE_STANDARD = "gnu++20";
				CLANG_ENABLE_MODULES = YES;
				CLANG_ENABLE_OBJC_ARC = YES;
				CLANG_ENABLE_OBJC_WEAK = YES;
				CLANG_WARN_BLOCK_CAPTURE_AUTORELEASING = YES;
				CLANG_WARN_BOOL_CONVERSION = YES;
				CLANG_WARN_COMMA = YES;
				CLANG_WARN_CONSTANT_CONVERSION = YES;
				CLANG_WARN_DEPRECATED_OBJC_IMPLEMENTATIONS = YES;
				CLANG_WARN_DIRECT_OBJC_ISA_USAGE = YES_ERROR;
				CLANG_WARN_DOCUMENTATION_COMMENTS = YES;
				CLANG_WARN_EMPTY_BODY = YES;
				CLANG_WARN_ENUM_CONVERSION = YES;
				CLANG_WARN_INFINITE_RECURSION = YES;
				CLANG_WARN_INT_CONVERSION = YES;
				CLANG_WARN_NON_LITERAL_NULL_CONVERSION = YES;
				CLANG_WARN_OBJC_IMPLICIT_RETAIN_SELF = YES;
				CLANG_WARN_OBJC_LITERAL_CONVERSION = YES;
				CLANG_WARN_OBJC_ROOT_CLASS = YES_ERROR;
				CLANG_WARN_QUOTED_INCLUDE_IN_FRAMEWORK_HEADER = YES;
				CLANG_WARN_RANGE_LOOP_ANALYSIS = YES;
				CLANG_WARN_STRICT_PROTOTYPES = YES;
				CLANG_WARN_SUSPICIOUS_MOVE = YES;
				CLANG_WARN_UNGUARDED_AVAILABILITY = YES_AGGRESSIVE;
				CLANG_WARN_UNREACHABLE_CODE = YES;
				CLANG_WARN__DUPLICATE_METHOD_MATCH = YES;
				COPY_PHASE_STRIP = NO;
				DEBUG_INFORMATION_FORMAT = "dwarf-with-dsym";
				DEVELOPMENT_TEAM = 6BZDC8A25X;
				ENABLE_NS_ASSERTIONS = NO;
				ENABLE_STRICT_OBJC_MSGSEND = YES;
				ENABLE_USER_SCRIPT_SANDBOXING = YES;
				GCC_C_LANGUAGE_STANDARD = gnu17;
				GCC_NO_COMMON_BLOCKS = YES;
				GCC_WARN_64_TO_32_BIT_CONVERSION = YES;
				GCC_WARN_ABOUT_RETURN_TYPE = YES_ERROR;
				GCC_WARN_UNDECLARED_SELECTOR = YES;
				GCC_WARN_UNINITIALIZED_AUTOS = YES_AGGRESSIVE;
				GCC_WARN_UNUSED_FUNCTION = YES;
				GCC_WARN_UNUSED_VARIABLE = YES;
				IPHONEOS_DEPLOYMENT_TARGET = 26.2;
				LOCALIZATION_PREFERS_STRING_CATALOGS = YES;
				MTL_ENABLE_DEBUG_INFO = NO;
				MTL_FAST_MATH = YES;
				SDKROOT = iphoneos;
				SWIFT_COMPILATION_MODE = wholemodule;
				VALIDATE_PRODUCT = YES;
			};
			name = Release;
		};
		4C707E442F22E34F001582DE /* Debug */ = {
			isa = XCBuildConfiguration;
			buildSettings = {
				ASSETCATALOG_COMPILER_APPICON_NAME = AppIcon;
				ASSETCATALOG_COMPILER_GLOBAL_ACCENT_COLOR_NAME = AccentColor;
				CODE_SIGN_STYLE = Automatic;
				CURRENT_PROJECT_VERSION = 2;
				DEVELOPMENT_TEAM = XW9D82VGDU;
				ENABLE_PREVIEWS = YES;
				GENERATE_INFOPLIST_FILE = YES;
				INFOPLIST_FILE = Sonidea/Info.plist;
				INFOPLIST_KEY_CFBundleDisplayName = Sonidea;
				INFOPLIST_KEY_LSApplicationCategoryType = "public.app-category.utilities";
				INFOPLIST_KEY_NSLocationWhenInUseUsageDescription = "Sonidea uses your location to tag recordings with where they were made, helping you organize and find them on the map.";
				INFOPLIST_KEY_NSMicrophoneUsageDescription = "Sonidea needs access to the microphone to record voice memos.";
				INFOPLIST_KEY_NSSpeechRecognitionUsageDescription = "Sonidea needs access to speech recognition to transcribe your voice memos.";
				INFOPLIST_KEY_UIApplicationSceneManifest_Generation = YES;
				INFOPLIST_KEY_UIApplicationSupportsIndirectInputEvents = YES;
				INFOPLIST_KEY_UILaunchScreen_Generation = YES;
				INFOPLIST_KEY_UISupportedInterfaceOrientations_iPad = "UIInterfaceOrientationPortrait UIInterfaceOrientationPortraitUpsideDown UIInterfaceOrientationLandscapeLeft UIInterfaceOrientationLandscapeRight";
				INFOPLIST_KEY_UISupportedInterfaceOrientations_iPhone = "UIInterfaceOrientationPortrait UIInterfaceOrientationLandscapeLeft UIInterfaceOrientationLandscapeRight";
				LD_RUNPATH_SEARCH_PATHS = (
					"$(inherited)",
					"@executable_path/Frameworks",
				);
				MARKETING_VERSION = 1.1;
				PRODUCT_BUNDLE_IDENTIFIER = com.iacompa.sonidea;
				PRODUCT_NAME = "$(TARGET_NAME)";
				STRING_CATALOG_GENERATE_SYMBOLS = YES;
				SWIFT_APPROACHABLE_CONCURRENCY = YES;
				SWIFT_DEFAULT_ACTOR_ISOLATION = MainActor;
				SWIFT_EMIT_LOC_STRINGS = YES;
				SWIFT_UPCOMING_FEATURE_MEMBER_IMPORT_VISIBILITY = YES;
				SWIFT_VERSION = 5.0;
				TARGETED_DEVICE_FAMILY = "1,2";
			};
			name = Debug;
		};
		4C707E452F22E34F001582DE /* Release */ = {
			isa = XCBuildConfiguration;
			buildSettings = {
				ASSETCATALOG_COMPILER_APPICON_NAME = AppIcon;
				ASSETCATALOG_COMPILER_GLOBAL_ACCENT_COLOR_NAME = AccentColor;
				CODE_SIGN_STYLE = Automatic;
				CURRENT_PROJECT_VERSION = 2;
				DEVELOPMENT_TEAM = XW9D82VGDU;
				ENABLE_PREVIEWS = YES;
				GENERATE_INFOPLIST_FILE = YES;
				INFOPLIST_FILE = Sonidea/Info.plist;
				INFOPLIST_KEY_CFBundleDisplayName = Sonidea;
				INFOPLIST_KEY_LSApplicationCategoryType = "public.app-category.utilities";
				INFOPLIST_KEY_NSLocationWhenInUseUsageDescription = "Sonidea uses your location to tag recordings with where they were made, helping you organize and find them on the map.";
				INFOPLIST_KEY_NSMicrophoneUsageDescription = "Sonidea needs access to the microphone to record voice memos.";
				INFOPLIST_KEY_NSSpeechRecognitionUsageDescription = "Sonidea needs access to speech recognition to transcribe your voice memos.";
				INFOPLIST_KEY_UIApplicationSceneManifest_Generation = YES;
				INFOPLIST_KEY_UIApplicationSupportsIndirectInputEvents = YES;
				INFOPLIST_KEY_UILaunchScreen_Generation = YES;
				INFOPLIST_KEY_UISupportedInterfaceOrientations_iPad = "UIInterfaceOrientationPortrait UIInterfaceOrientationPortraitUpsideDown UIInterfaceOrientationLandscapeLeft UIInterfaceOrientationLandscapeRight";
				INFOPLIST_KEY_UISupportedInterfaceOrientations_iPhone = "UIInterfaceOrientationPortrait UIInterfaceOrientationLandscapeLeft UIInterfaceOrientationLandscapeRight";
				LD_RUNPATH_SEARCH_PATHS = (
					"$(inherited)",
					"@executable_path/Frameworks",
				);
				MARKETING_VERSION = 1.1;
				PRODUCT_BUNDLE_IDENTIFIER = com.iacompa.sonidea;
				PRODUCT_NAME = "$(TARGET_NAME)";
				STRING_CATALOG_GENERATE_SYMBOLS = YES;
				SWIFT_APPROACHABLE_CONCURRENCY = YES;
				SWIFT_DEFAULT_ACTOR_ISOLATION = MainActor;
				SWIFT_EMIT_LOC_STRINGS = YES;
				SWIFT_UPCOMING_FEATURE_MEMBER_IMPORT_VISIBILITY = YES;
				SWIFT_VERSION = 5.0;
				TARGETED_DEVICE_FAMILY = "1,2";
			};
			name = Release;
		};
		4C707E472F22E34F001582DE /* Debug */ = {
			isa = XCBuildConfiguration;
			buildSettings = {
				BUNDLE_LOADER = "$(TEST_HOST)";
				CODE_SIGN_STYLE = Automatic;
				CURRENT_PROJECT_VERSION = 2;
				DEVELOPMENT_TEAM = 6BZDC8A25X;
				GENERATE_INFOPLIST_FILE = YES;
				IPHONEOS_DEPLOYMENT_TARGET = 26.2;
				MARKETING_VERSION = 1.1;
				PRODUCT_BUNDLE_IDENTIFIER = none.SonideaTests;
				PRODUCT_NAME = "$(TARGET_NAME)";
				STRING_CATALOG_GENERATE_SYMBOLS = NO;
				SWIFT_APPROACHABLE_CONCURRENCY = YES;
				SWIFT_EMIT_LOC_STRINGS = NO;
				SWIFT_UPCOMING_FEATURE_MEMBER_IMPORT_VISIBILITY = YES;
				SWIFT_VERSION = 5.0;
				TARGETED_DEVICE_FAMILY = "1,2";
				TEST_HOST = "$(BUILT_PRODUCTS_DIR)/Sonidea.app/$(BUNDLE_EXECUTABLE_FOLDER_PATH)/Sonidea";
			};
			name = Debug;
		};
		4C707E482F22E34F001582DE /* Release */ = {
			isa = XCBuildConfiguration;
			buildSettings = {
				BUNDLE_LOADER = "$(TEST_HOST)";
				CODE_SIGN_STYLE = Automatic;
				CURRENT_PROJECT_VERSION = 2;
				DEVELOPMENT_TEAM = 6BZDC8A25X;
				GENERATE_INFOPLIST_FILE = YES;
				IPHONEOS_DEPLOYMENT_TARGET = 26.2;
				MARKETING_VERSION = 1.1;
				PRODUCT_BUNDLE_IDENTIFIER = none.SonideaTests;
				PRODUCT_NAME = "$(TARGET_NAME)";
				STRING_CATALOG_GENERATE_SYMBOLS = NO;
				SWIFT_APPROACHABLE_CONCURRENCY = YES;
				SWIFT_EMIT_LOC_STRINGS = NO;
				SWIFT_UPCOMING_FEATURE_MEMBER_IMPORT_VISIBILITY = YES;
				SWIFT_VERSION = 5.0;
				TARGETED_DEVICE_FAMILY = "1,2";
				TEST_HOST = "$(BUILT_PRODUCTS_DIR)/Sonidea.app/$(BUNDLE_EXECUTABLE_FOLDER_PATH)/Sonidea";
			};
			name = Release;
		};
		4C707E4A2F22E34F001582DE /* Debug */ = {
			isa = XCBuildConfiguration;
			buildSettings = {
				CODE_SIGN_STYLE = Automatic;
				CURRENT_PROJECT_VERSION = 2;
				DEVELOPMENT_TEAM = 6BZDC8A25X;
				GENERATE_INFOPLIST_FILE = YES;
				MARKETING_VERSION = 1.1;
				PRODUCT_BUNDLE_IDENTIFIER = none.SonideaUITests;
				PRODUCT_NAME = "$(TARGET_NAME)";
				STRING_CATALOG_GENERATE_SYMBOLS = NO;
				SWIFT_APPROACHABLE_CONCURRENCY = YES;
				SWIFT_EMIT_LOC_STRINGS = NO;
				SWIFT_UPCOMING_FEATURE_MEMBER_IMPORT_VISIBILITY = YES;
				SWIFT_VERSION = 5.0;
				TARGETED_DEVICE_FAMILY = "1,2";
				TEST_TARGET_NAME = Sonidea;
			};
			name = Debug;
		};
		4C707E4B2F22E34F001582DE /* Release */ = {
			isa = XCBuildConfiguration;
			buildSettings = {
				CODE_SIGN_STYLE = Automatic;
				CURRENT_PROJECT_VERSION = 2;
				DEVELOPMENT_TEAM = 6BZDC8A25X;
				GENERATE_INFOPLIST_FILE = YES;
				MARKETING_VERSION = 1.1;
				PRODUCT_BUNDLE_IDENTIFIER = none.SonideaUITests;
				PRODUCT_NAME = "$(TARGET_NAME)";
				STRING_CATALOG_GENERATE_SYMBOLS = NO;
				SWIFT_APPROACHABLE_CONCURRENCY = YES;
				SWIFT_EMIT_LOC_STRINGS = NO;
				SWIFT_UPCOMING_FEATURE_MEMBER_IMPORT_VISIBILITY = YES;
				SWIFT_VERSION = 5.0;
				TARGETED_DEVICE_FAMILY = "1,2";
				TEST_TARGET_NAME = Sonidea;
			};
			name = Release;
		};
		WIDGET00062F22E34F001582DE /* Debug */ = {
			isa = XCBuildConfiguration;
			buildSettings = {
				CODE_SIGN_STYLE = Automatic;
				CURRENT_PROJECT_VERSION = 2;
				DEVELOPMENT_TEAM = XW9D82VGDU;
				GENERATE_INFOPLIST_FILE = YES;
				INFOPLIST_FILE = SonideaRecordingWidget/Info.plist;
				INFOPLIST_KEY_CFBundleDisplayName = SonideaRecordingWidget;
				INFOPLIST_KEY_NSHumanReadableCopyright = "";
				LD_RUNPATH_SEARCH_PATHS = (
					"$(inherited)",
					"@executable_path/Frameworks",
					"@executable_path/../../Frameworks",
				);
				MARKETING_VERSION = 1.1;
				PRODUCT_BUNDLE_IDENTIFIER = com.iacompa.sonidea.SonideaRecordingWidget;
				PRODUCT_NAME = "$(TARGET_NAME)";
				SKIP_INSTALL = YES;
				SWIFT_APPROACHABLE_CONCURRENCY = YES;
				SWIFT_EMIT_LOC_STRINGS = YES;
				SWIFT_UPCOMING_FEATURE_MEMBER_IMPORT_VISIBILITY = YES;
				SWIFT_VERSION = 5.0;
				TARGETED_DEVICE_FAMILY = "1,2";
			};
			name = Debug;
		};
		WIDGET00072F22E34F001582DE /* Release */ = {
			isa = XCBuildConfiguration;
			buildSettings = {
				CODE_SIGN_STYLE = Automatic;
				CURRENT_PROJECT_VERSION = 2;
				DEVELOPMENT_TEAM = XW9D82VGDU;
				GENERATE_INFOPLIST_FILE = YES;
				INFOPLIST_FILE = SonideaRecordingWidget/Info.plist;
				INFOPLIST_KEY_CFBundleDisplayName = SonideaRecordingWidget;
				INFOPLIST_KEY_NSHumanReadableCopyright = "";
				LD_RUNPATH_SEARCH_PATHS = (
					"$(inherited)",
					"@executable_path/Frameworks",
					"@executable_path/../../Frameworks",
				);
				MARKETING_VERSION = 1.1;
				PRODUCT_BUNDLE_IDENTIFIER = com.iacompa.sonidea.SonideaRecordingWidget;
				PRODUCT_NAME = "$(TARGET_NAME)";
				SKIP_INSTALL = YES;
				SWIFT_APPROACHABLE_CONCURRENCY = YES;
				SWIFT_EMIT_LOC_STRINGS = YES;
				SWIFT_UPCOMING_FEATURE_MEMBER_IMPORT_VISIBILITY = YES;
				SWIFT_VERSION = 5.0;
				TARGETED_DEVICE_FAMILY = "1,2";
			};
			name = Release;
		};
/* End XCBuildConfiguration section */

/* Begin XCConfigurationList section */
		4C707E1D2F22E34F001582DE /* Build configuration list for PBXProject "Sonidea" */ = {
			isa = XCConfigurationList;
			buildConfigurations = (
				4C707E412F22E34F001582DE /* Debug */,
				4C707E422F22E34F001582DE /* Release */,
			);
			defaultConfigurationIsVisible = 0;
			defaultConfigurationName = Release;
		};
		4C707E432F22E34F001582DE /* Build configuration list for PBXNativeTarget "Sonidea" */ = {
			isa = XCConfigurationList;
			buildConfigurations = (
				4C707E442F22E34F001582DE /* Debug */,
				4C707E452F22E34F001582DE /* Release */,
			);
			defaultConfigurationIsVisible = 0;
			defaultConfigurationName = Release;
		};
		4C707E462F22E34F001582DE /* Build configuration list for PBXNativeTarget "SonideaTests" */ = {
			isa = XCConfigurationList;
			buildConfigurations = (
				4C707E472F22E34F001582DE /* Debug */,
				4C707E482F22E34F001582DE /* Release */,
			);
			defaultConfigurationIsVisible = 0;
			defaultConfigurationName = Release;
		};
		4C707E492F22E34F001582DE /* Build configuration list for PBXNativeTarget "SonideaUITests" */ = {
			isa = XCConfigurationList;
			buildConfigurations = (
				4C707E4A2F22E34F001582DE /* Debug */,
				4C707E4B2F22E34F001582DE /* Release */,
			);
			defaultConfigurationIsVisible = 0;
			defaultConfigurationName = Release;
		};
		WIDGET00102F22E34F001582DE /* Build configuration list for PBXNativeTarget "SonideaRecordingWidgetExtension" */ = {
			isa = XCConfigurationList;
			buildConfigurations = (
				WIDGET00062F22E34F001582DE /* Debug */,
				WIDGET00072F22E34F001582DE /* Release */,
			);
			defaultConfigurationIsVisible = 0;
			defaultConfigurationName = Release;
		};
/* End XCConfigurationList section */
	};
	rootObject = 4C707E1A2F22E34F001582DE /* Project object */;
}
